// !$*UTF8*$!
{
	archiveVersion = 1;
	classes = {
	};
	objectVersion = 56;
	objects = {

/* Begin PBXBuildFile section */
		6000F80029D88AFD00952C58 /* TaskTableCell.swift in Sources */ = {isa = PBXBuildFile; fileRef = 6000F7FF29D88AFD00952C58 /* TaskTableCell.swift */; };
		609BAB9529D82C1C001972CF /* AppDelegate.swift in Sources */ = {isa = PBXBuildFile; fileRef = 609BAB9429D82C1C001972CF /* AppDelegate.swift */; };
		609BAB9729D82C1C001972CF /* SceneDelegate.swift in Sources */ = {isa = PBXBuildFile; fileRef = 609BAB9629D82C1C001972CF /* SceneDelegate.swift */; };
		609BAB9929D82C1C001972CF /* HomeViewController.swift in Sources */ = {isa = PBXBuildFile; fileRef = 609BAB9829D82C1C001972CF /* HomeViewController.swift */; };
		609BAB9C29D82C1C001972CF /* Main.storyboard in Resources */ = {isa = PBXBuildFile; fileRef = 609BAB9A29D82C1C001972CF /* Main.storyboard */; };
		609BAB9F29D82C1C001972CF /* TaskManager.xcdatamodeld in Sources */ = {isa = PBXBuildFile; fileRef = 609BAB9D29D82C1C001972CF /* TaskManager.xcdatamodeld */; };
		609BABA129D82C1D001972CF /* Assets.xcassets in Resources */ = {isa = PBXBuildFile; fileRef = 609BABA029D82C1D001972CF /* Assets.xcassets */; };
		609BABA429D82C1D001972CF /* LaunchScreen.storyboard in Resources */ = {isa = PBXBuildFile; fileRef = 609BABA229D82C1D001972CF /* LaunchScreen.storyboard */; };
		609BABAE29D82CD0001972CF /* Task+CoreDataProperties.swift in Sources */ = {isa = PBXBuildFile; fileRef = 609BABAC29D82CD0001972CF /* Task+CoreDataProperties.swift */; };
		609BABB029D82D4D001972CF /* StorageManager.swift in Sources */ = {isa = PBXBuildFile; fileRef = 609BABAF29D82D4D001972CF /* StorageManager.swift */; };
		609BABBB29D859E2001972CF /* Dynamic.swift in Sources */ = {isa = PBXBuildFile; fileRef = 609BABBA29D859E2001972CF /* Dynamic.swift */; };
		609BABBD29D85A8A001972CF /* HomeViewModel.swift in Sources */ = {isa = PBXBuildFile; fileRef = 609BABBC29D85A8A001972CF /* HomeViewModel.swift */; };
		8F5F5C327616FF208EC15A29 /* Pods_TaskManager.framework in Frameworks */ = {isa = PBXBuildFile; fileRef = DED02854147EC2DDC5B8C2DF /* Pods_TaskManager.framework */; };
/* End PBXBuildFile section */

/* Begin PBXFileReference section */
		26E49C54033B03BAD73733FA /* Pods-TaskManager.debug.xcconfig */ = {isa = PBXFileReference; includeInIndex = 1; lastKnownFileType = text.xcconfig; name = "Pods-TaskManager.debug.xcconfig"; path = "Target Support Files/Pods-TaskManager/Pods-TaskManager.debug.xcconfig"; sourceTree = "<group>"; };
		6000F7FF29D88AFD00952C58 /* TaskTableCell.swift */ = {isa = PBXFileReference; lastKnownFileType = sourcecode.swift; path = TaskTableCell.swift; sourceTree = "<group>"; };
		609BAB9129D82C1C001972CF /* TaskManager.app */ = {isa = PBXFileReference; explicitFileType = wrapper.application; includeInIndex = 0; path = TaskManager.app; sourceTree = BUILT_PRODUCTS_DIR; };
		609BAB9429D82C1C001972CF /* AppDelegate.swift */ = {isa = PBXFileReference; lastKnownFileType = sourcecode.swift; path = AppDelegate.swift; sourceTree = "<group>"; };
		609BAB9629D82C1C001972CF /* SceneDelegate.swift */ = {isa = PBXFileReference; lastKnownFileType = sourcecode.swift; path = SceneDelegate.swift; sourceTree = "<group>"; };
		609BAB9829D82C1C001972CF /* HomeViewController.swift */ = {isa = PBXFileReference; lastKnownFileType = sourcecode.swift; path = HomeViewController.swift; sourceTree = "<group>"; };
		609BAB9B29D82C1C001972CF /* Base */ = {isa = PBXFileReference; lastKnownFileType = file.storyboard; name = Base; path = Base.lproj/Main.storyboard; sourceTree = "<group>"; };
		609BAB9E29D82C1C001972CF /* TaskManager.xcdatamodel */ = {isa = PBXFileReference; lastKnownFileType = wrapper.xcdatamodel; path = TaskManager.xcdatamodel; sourceTree = "<group>"; };
		609BABA029D82C1D001972CF /* Assets.xcassets */ = {isa = PBXFileReference; lastKnownFileType = folder.assetcatalog; path = Assets.xcassets; sourceTree = "<group>"; };
		609BABA329D82C1D001972CF /* Base */ = {isa = PBXFileReference; lastKnownFileType = file.storyboard; name = Base; path = Base.lproj/LaunchScreen.storyboard; sourceTree = "<group>"; };
		609BABA529D82C1D001972CF /* Info.plist */ = {isa = PBXFileReference; lastKnownFileType = text.plist.xml; path = Info.plist; sourceTree = "<group>"; };
		609BABAC29D82CD0001972CF /* Task+CoreDataProperties.swift */ = {isa = PBXFileReference; lastKnownFileType = sourcecode.swift; path = "Task+CoreDataProperties.swift"; sourceTree = "<group>"; };
		609BABAF29D82D4D001972CF /* StorageManager.swift */ = {isa = PBXFileReference; lastKnownFileType = sourcecode.swift; path = StorageManager.swift; sourceTree = "<group>"; };
		609BABBA29D859E2001972CF /* Dynamic.swift */ = {isa = PBXFileReference; lastKnownFileType = sourcecode.swift; path = Dynamic.swift; sourceTree = "<group>"; };
		609BABBC29D85A8A001972CF /* HomeViewModel.swift */ = {isa = PBXFileReference; lastKnownFileType = sourcecode.swift; path = HomeViewModel.swift; sourceTree = "<group>"; };
		A4E8CAB01E33713F941DDEF7 /* Pods-TaskManager.release.xcconfig */ = {isa = PBXFileReference; includeInIndex = 1; lastKnownFileType = text.xcconfig; name = "Pods-TaskManager.release.xcconfig"; path = "Target Support Files/Pods-TaskManager/Pods-TaskManager.release.xcconfig"; sourceTree = "<group>"; };
		DED02854147EC2DDC5B8C2DF /* Pods_TaskManager.framework */ = {isa = PBXFileReference; explicitFileType = wrapper.framework; includeInIndex = 0; path = Pods_TaskManager.framework; sourceTree = BUILT_PRODUCTS_DIR; };
/* End PBXFileReference section */

/* Begin PBXFrameworksBuildPhase section */
		609BAB8E29D82C1C001972CF /* Frameworks */ = {
			isa = PBXFrameworksBuildPhase;
			buildActionMask = 2147483647;
			files = (
				8F5F5C327616FF208EC15A29 /* Pods_TaskManager.framework in Frameworks */,
			);
			runOnlyForDeploymentPostprocessing = 0;
		};
/* End PBXFrameworksBuildPhase section */

/* Begin PBXGroup section */
		6000F7FD29D88AE600952C58 /* Home Page */ = {
			isa = PBXGroup;
			children = (
				6000F7FE29D88AEF00952C58 /* Task Table Cell */,
				609BAB9829D82C1C001972CF /* HomeViewController.swift */,
			);
			path = "Home Page";
			sourceTree = "<group>";
		};
		6000F7FE29D88AEF00952C58 /* Task Table Cell */ = {
			isa = PBXGroup;
			children = (
				6000F7FF29D88AFD00952C58 /* TaskTableCell.swift */,
			);
			path = "Task Table Cell";
			sourceTree = "<group>";
		};
		609BAB8829D82C1C001972CF = {
			isa = PBXGroup;
			children = (
				609BABAC29D82CD0001972CF /* Task+CoreDataProperties.swift */,
				609BAB9329D82C1C001972CF /* TaskManager */,
				609BAB9229D82C1C001972CF /* Products */,
				C1560C970AF1CDAD2EB0365C /* Pods */,
				74D2BC46F0028E70CF580784 /* Frameworks */,
			);
			sourceTree = "<group>";
		};
		609BAB9229D82C1C001972CF /* Products */ = {
			isa = PBXGroup;
			children = (
				609BAB9129D82C1C001972CF /* TaskManager.app */,
			);
			name = Products;
			sourceTree = "<group>";
		};
		609BAB9329D82C1C001972CF /* TaskManager */ = {
			isa = PBXGroup;
			children = (
				609BABB929D859D7001972CF /* Dynamic */,
				609BABB729D8407E001972CF /* ViewModel */,
				609BABB629D83E6A001972CF /* View */,
				609BABB529D83E61001972CF /* DataB */,
				609BABB429D83E4A001972CF /* Utils */,
				609BABA029D82C1D001972CF /* Assets.xcassets */,
				609BABA529D82C1D001972CF /* Info.plist */,
				609BAB9D29D82C1C001972CF /* TaskManager.xcdatamodeld */,
			);
			path = TaskManager;
			sourceTree = "<group>";
		};
		609BABB429D83E4A001972CF /* Utils */ = {
			isa = PBXGroup;
			children = (
				609BABA229D82C1D001972CF /* LaunchScreen.storyboard */,
				609BAB9A29D82C1C001972CF /* Main.storyboard */,
				609BAB9429D82C1C001972CF /* AppDelegate.swift */,
				609BAB9629D82C1C001972CF /* SceneDelegate.swift */,
			);
			path = Utils;
			sourceTree = "<group>";
		};
		609BABB529D83E61001972CF /* DataB */ = {
			isa = PBXGroup;
			children = (
				609BABAF29D82D4D001972CF /* StorageManager.swift */,
			);
			path = DataB;
			sourceTree = "<group>";
		};
		609BABB629D83E6A001972CF /* View */ = {
			isa = PBXGroup;
			children = (
				6000F7FD29D88AE600952C58 /* Home Page */,
			);
			path = View;
			sourceTree = "<group>";
		};
		609BABB729D8407E001972CF /* ViewModel */ = {
			isa = PBXGroup;
			children = (
				609BABBC29D85A8A001972CF /* HomeViewModel.swift */,
			);
			path = ViewModel;
			sourceTree = "<group>";
		};
		609BABB929D859D7001972CF /* Dynamic */ = {
			isa = PBXGroup;
			children = (
				609BABBA29D859E2001972CF /* Dynamic.swift */,
			);
			path = Dynamic;
			sourceTree = "<group>";
		};
		74D2BC46F0028E70CF580784 /* Frameworks */ = {
			isa = PBXGroup;
			children = (
				DED02854147EC2DDC5B8C2DF /* Pods_TaskManager.framework */,
			);
			name = Frameworks;
			sourceTree = "<group>";
		};
		C1560C970AF1CDAD2EB0365C /* Pods */ = {
			isa = PBXGroup;
			children = (
				26E49C54033B03BAD73733FA /* Pods-TaskManager.debug.xcconfig */,
				A4E8CAB01E33713F941DDEF7 /* Pods-TaskManager.release.xcconfig */,
			);
			path = Pods;
			sourceTree = "<group>";
		};
/* End PBXGroup section */

/* Begin PBXNativeTarget section */
		609BAB9029D82C1C001972CF /* TaskManager */ = {
			isa = PBXNativeTarget;
			buildConfigurationList = 609BABA829D82C1D001972CF /* Build configuration list for PBXNativeTarget "TaskManager" */;
			buildPhases = (
				C2CFF8AEE257CCD5962CAD15 /* [CP] Check Pods Manifest.lock */,
				609BAB8D29D82C1C001972CF /* Sources */,
				609BAB8E29D82C1C001972CF /* Frameworks */,
				609BAB8F29D82C1C001972CF /* Resources */,
				A090F3391BCA3E2205A97C84 /* [CP] Embed Pods Frameworks */,
			);
			buildRules = (
			);
			dependencies = (
			);
			name = TaskManager;
			productName = TaskManager;
			productReference = 609BAB9129D82C1C001972CF /* TaskManager.app */;
			productType = "com.apple.product-type.application";
		};
/* End PBXNativeTarget section */

/* Begin PBXProject section */
		609BAB8929D82C1C001972CF /* Project object */ = {
			isa = PBXProject;
			attributes = {
				BuildIndependentTargetsInParallel = 1;
				LastSwiftUpdateCheck = 1400;
				LastUpgradeCheck = 1400;
				TargetAttributes = {
					609BAB9029D82C1C001972CF = {
						CreatedOnToolsVersion = 14.0;
					};
				};
			};
			buildConfigurationList = 609BAB8C29D82C1C001972CF /* Build configuration list for PBXProject "TaskManager" */;
			compatibilityVersion = "Xcode 14.0";
			developmentRegion = en;
			hasScannedForEncodings = 0;
			knownRegions = (
				en,
				Base,
			);
			mainGroup = 609BAB8829D82C1C001972CF;
			productRefGroup = 609BAB9229D82C1C001972CF /* Products */;
			projectDirPath = "";
			projectRoot = "";
			targets = (
				609BAB9029D82C1C001972CF /* TaskManager */,
			);
		};
/* End PBXProject section */

/* Begin PBXResourcesBuildPhase section */
		609BAB8F29D82C1C001972CF /* Resources */ = {
			isa = PBXResourcesBuildPhase;
			buildActionMask = 2147483647;
			files = (
				609BABA429D82C1D001972CF /* LaunchScreen.storyboard in Resources */,
				609BABA129D82C1D001972CF /* Assets.xcassets in Resources */,
				609BAB9C29D82C1C001972CF /* Main.storyboard in Resources */,
			);
			runOnlyForDeploymentPostprocessing = 0;
		};
/* End PBXResourcesBuildPhase section */

/* Begin PBXShellScriptBuildPhase section */
		A090F3391BCA3E2205A97C84 /* [CP] Embed Pods Frameworks */ = {
			isa = PBXShellScriptBuildPhase;
			buildActionMask = 2147483647;
			files = (
			);
			inputFileListPaths = (
				"${PODS_ROOT}/Target Support Files/Pods-TaskManager/Pods-TaskManager-frameworks-${CONFIGURATION}-input-files.xcfilelist",
			);
			name = "[CP] Embed Pods Frameworks";
			outputFileListPaths = (
				"${PODS_ROOT}/Target Support Files/Pods-TaskManager/Pods-TaskManager-frameworks-${CONFIGURATION}-output-files.xcfilelist",
			);
			runOnlyForDeploymentPostprocessing = 0;
			shellPath = /bin/sh;
			shellScript = "\"${PODS_ROOT}/Target Support Files/Pods-TaskManager/Pods-TaskManager-frameworks.sh\"\n";
			showEnvVarsInLog = 0;
		};
		C2CFF8AEE257CCD5962CAD15 /* [CP] Check Pods Manifest.lock */ = {
			isa = PBXShellScriptBuildPhase;
			buildActionMask = 2147483647;
			files = (
			);
			inputFileListPaths = (
			);
			inputPaths = (
				"${PODS_PODFILE_DIR_PATH}/Podfile.lock",
				"${PODS_ROOT}/Manifest.lock",
			);
			name = "[CP] Check Pods Manifest.lock";
			outputFileListPaths = (
			);
			outputPaths = (
				"$(DERIVED_FILE_DIR)/Pods-TaskManager-checkManifestLockResult.txt",
			);
			runOnlyForDeploymentPostprocessing = 0;
			shellPath = /bin/sh;
			shellScript = "diff \"${PODS_PODFILE_DIR_PATH}/Podfile.lock\" \"${PODS_ROOT}/Manifest.lock\" > /dev/null\nif [ $? != 0 ] ; then\n    # print error to STDERR\n    echo \"error: The sandbox is not in sync with the Podfile.lock. Run 'pod install' or update your CocoaPods installation.\" >&2\n    exit 1\nfi\n# This output is used by Xcode 'outputs' to avoid re-running this script phase.\necho \"SUCCESS\" > \"${SCRIPT_OUTPUT_FILE_0}\"\n";
			showEnvVarsInLog = 0;
		};
/* End PBXShellScriptBuildPhase section */

/* Begin PBXSourcesBuildPhase section */
		609BAB8D29D82C1C001972CF /* Sources */ = {
			isa = PBXSourcesBuildPhase;
			buildActionMask = 2147483647;
			files = (
				609BAB9929D82C1C001972CF /* HomeViewController.swift in Sources */,
				609BAB9529D82C1C001972CF /* AppDelegate.swift in Sources */,
				609BAB9F29D82C1C001972CF /* TaskManager.xcdatamodeld in Sources */,
				6000F80029D88AFD00952C58 /* TaskTableCell.swift in Sources */,
				609BABBD29D85A8A001972CF /* HomeViewModel.swift in Sources */,
				609BABBB29D859E2001972CF /* Dynamic.swift in Sources */,
				609BABB029D82D4D001972CF /* StorageManager.swift in Sources */,
				609BABAE29D82CD0001972CF /* Task+CoreDataProperties.swift in Sources */,
				609BAB9729D82C1C001972CF /* SceneDelegate.swift in Sources */,
			);
			runOnlyForDeploymentPostprocessing = 0;
		};
/* End PBXSourcesBuildPhase section */

/* Begin PBXVariantGroup section */
		609BAB9A29D82C1C001972CF /* Main.storyboard */ = {
			isa = PBXVariantGroup;
			children = (
				609BAB9B29D82C1C001972CF /* Base */,
			);
			name = Main.storyboard;
			sourceTree = "<group>";
		};
		609BABA229D82C1D001972CF /* LaunchScreen.storyboard */ = {
			isa = PBXVariantGroup;
			children = (
				609BABA329D82C1D001972CF /* Base */,
			);
			name = LaunchScreen.storyboard;
			sourceTree = "<group>";
		};
/* End PBXVariantGroup section */

/* Begin XCBuildConfiguration section */
		609BABA629D82C1D001972CF /* Debug */ = {
			isa = XCBuildConfiguration;
			buildSettings = {
				ALWAYS_SEARCH_USER_PATHS = NO;
				CLANG_ANALYZER_NONNULL = YES;
				CLANG_ANALYZER_NUMBER_OBJECT_CONVERSION = YES_AGGRESSIVE;
				CLANG_CXX_LANGUAGE_STANDARD = "gnu++20";
				CLANG_ENABLE_MODULES = YES;
				CLANG_ENABLE_OBJC_ARC = YES;
				CLANG_ENABLE_OBJC_WEAK = YES;
				CLANG_WARN_BLOCK_CAPTURE_AUTORELEASING = YES;
				CLANG_WARN_BOOL_CONVERSION = YES;
				CLANG_WARN_COMMA = YES;
				CLANG_WARN_CONSTANT_CONVERSION = YES;
				CLANG_WARN_DEPRECATED_OBJC_IMPLEMENTATIONS = YES;
				CLANG_WARN_DIRECT_OBJC_ISA_USAGE = YES_ERROR;
				CLANG_WARN_DOCUMENTATION_COMMENTS = YES;
				CLANG_WARN_EMPTY_BODY = YES;
				CLANG_WARN_ENUM_CONVERSION = YES;
				CLANG_WARN_INFINITE_RECURSION = YES;
				CLANG_WARN_INT_CONVERSION = YES;
				CLANG_WARN_NON_LITERAL_NULL_CONVERSION = YES;
				CLANG_WARN_OBJC_IMPLICIT_RETAIN_SELF = YES;
				CLANG_WARN_OBJC_LITERAL_CONVERSION = YES;
				CLANG_WARN_OBJC_ROOT_CLASS = YES_ERROR;
				CLANG_WARN_QUOTED_INCLUDE_IN_FRAMEWORK_HEADER = YES;
				CLANG_WARN_RANGE_LOOP_ANALYSIS = YES;
				CLANG_WARN_STRICT_PROTOTYPES = YES;
				CLANG_WARN_SUSPICIOUS_MOVE = YES;
				CLANG_WARN_UNGUARDED_AVAILABILITY = YES_AGGRESSIVE;
				CLANG_WARN_UNREACHABLE_CODE = YES;
				CLANG_WARN__DUPLICATE_METHOD_MATCH = YES;
				COPY_PHASE_STRIP = NO;
				DEBUG_INFORMATION_FORMAT = dwarf;
				ENABLE_STRICT_OBJC_MSGSEND = YES;
				ENABLE_TESTABILITY = YES;
				GCC_C_LANGUAGE_STANDARD = gnu11;
				GCC_DYNAMIC_NO_PIC = NO;
				GCC_NO_COMMON_BLOCKS = YES;
				GCC_OPTIMIZATION_LEVEL = 0;
				GCC_PREPROCESSOR_DEFINITIONS = (
					"DEBUG=1",
					"$(inherited)",
				);
				GCC_WARN_64_TO_32_BIT_CONVERSION = YES;
				GCC_WARN_ABOUT_RETURN_TYPE = YES_ERROR;
				GCC_WARN_UNDECLARED_SELECTOR = YES;
				GCC_WARN_UNINITIALIZED_AUTOS = YES_AGGRESSIVE;
				GCC_WARN_UNUSED_FUNCTION = YES;
				GCC_WARN_UNUSED_VARIABLE = YES;
				IPHONEOS_DEPLOYMENT_TARGET = 16.0;
				MTL_ENABLE_DEBUG_INFO = INCLUDE_SOURCE;
				MTL_FAST_MATH = YES;
				ONLY_ACTIVE_ARCH = YES;
				SDKROOT = iphoneos;
				SWIFT_ACTIVE_COMPILATION_CONDITIONS = DEBUG;
				SWIFT_OPTIMIZATION_LEVEL = "-Onone";
			};
			name = Debug;
		};
		609BABA729D82C1D001972CF /* Release */ = {
			isa = XCBuildConfiguration;
			buildSettings = {
				ALWAYS_SEARCH_USER_PATHS = NO;
				CLANG_ANALYZER_NONNULL = YES;
				CLANG_ANALYZER_NUMBER_OBJECT_CONVERSION = YES_AGGRESSIVE;
				CLANG_CXX_LANGUAGE_STANDARD = "gnu++20";
				CLANG_ENABLE_MODULES = YES;
				CLANG_ENABLE_OBJC_ARC = YES;
				CLANG_ENABLE_OBJC_WEAK = YES;
				CLANG_WARN_BLOCK_CAPTURE_AUTORELEASING = YES;
				CLANG_WARN_BOOL_CONVERSION = YES;
				CLANG_WARN_COMMA = YES;
				CLANG_WARN_CONSTANT_CONVERSION = YES;
				CLANG_WARN_DEPRECATED_OBJC_IMPLEMENTATIONS = YES;
				CLANG_WARN_DIRECT_OBJC_ISA_USAGE = YES_ERROR;
				CLANG_WARN_DOCUMENTATION_COMMENTS = YES;
				CLANG_WARN_EMPTY_BODY = YES;
				CLANG_WARN_ENUM_CONVERSION = YES;
				CLANG_WARN_INFINITE_RECURSION = YES;
				CLANG_WARN_INT_CONVERSION = YES;
				CLANG_WARN_NON_LITERAL_NULL_CONVERSION = YES;
				CLANG_WARN_OBJC_IMPLICIT_RETAIN_SELF = YES;
				CLANG_WARN_OBJC_LITERAL_CONVERSION = YES;
				CLANG_WARN_OBJC_ROOT_CLASS = YES_ERROR;
				CLANG_WARN_QUOTED_INCLUDE_IN_FRAMEWORK_HEADER = YES;
				CLANG_WARN_RANGE_LOOP_ANALYSIS = YES;
				CLANG_WARN_STRICT_PROTOTYPES = YES;
				CLANG_WARN_SUSPICIOUS_MOVE = YES;
				CLANG_WARN_UNGUARDED_AVAILABILITY = YES_AGGRESSIVE;
				CLANG_WARN_UNREACHABLE_CODE = YES;
				CLANG_WARN__DUPLICATE_METHOD_MATCH = YES;
				COPY_PHASE_STRIP = NO;
				DEBUG_INFORMATION_FORMAT = "dwarf-with-dsym";
				ENABLE_NS_ASSERTIONS = NO;
				ENABLE_STRICT_OBJC_MSGSEND = YES;
				GCC_C_LANGUAGE_STANDARD = gnu11;
				GCC_NO_COMMON_BLOCKS = YES;
				GCC_WARN_64_TO_32_BIT_CONVERSION = YES;
				GCC_WARN_ABOUT_RETURN_TYPE = YES_ERROR;
				GCC_WARN_UNDECLARED_SELECTOR = YES;
				GCC_WARN_UNINITIALIZED_AUTOS = YES_AGGRESSIVE;
				GCC_WARN_UNUSED_FUNCTION = YES;
				GCC_WARN_UNUSED_VARIABLE = YES;
				IPHONEOS_DEPLOYMENT_TARGET = 16.0;
				MTL_ENABLE_DEBUG_INFO = NO;
				MTL_FAST_MATH = YES;
				SDKROOT = iphoneos;
				SWIFT_COMPILATION_MODE = wholemodule;
				SWIFT_OPTIMIZATION_LEVEL = "-O";
				VALIDATE_PRODUCT = YES;
			};
			name = Release;
		};
		609BABA929D82C1D001972CF /* Debug */ = {
			isa = XCBuildConfiguration;
			baseConfigurationReference = 26E49C54033B03BAD73733FA /* Pods-TaskManager.debug.xcconfig */;
			buildSettings = {
				ASSETCATALOG_COMPILER_APPICON_NAME = AppIcon;
				ASSETCATALOG_COMPILER_GLOBAL_ACCENT_COLOR_NAME = AccentColor;
				CODE_SIGN_STYLE = Automatic;
				CURRENT_PROJECT_VERSION = 1;
				DEVELOPMENT_TEAM = K8M5FXDJPU;
				GENERATE_INFOPLIST_FILE = YES;
				INFOPLIST_FILE = TaskManager/Info.plist;
				INFOPLIST_KEY_UIApplicationSupportsIndirectInputEvents = YES;
				INFOPLIST_KEY_UILaunchStoryboardName = LaunchScreen;
				INFOPLIST_KEY_UIMainStoryboardFile = Main;
				INFOPLIST_KEY_UISupportedInterfaceOrientations_iPad = "UIInterfaceOrientationPortrait UIInterfaceOrientationPortraitUpsideDown UIInterfaceOrientationLandscapeLeft UIInterfaceOrientationLandscapeRight";
				INFOPLIST_KEY_UISupportedInterfaceOrientations_iPhone = "UIInterfaceOrientationPortrait UIInterfaceOrientationLandscapeLeft UIInterfaceOrientationLandscapeRight";
				LD_RUNPATH_SEARCH_PATHS = (
					"$(inherited)",
					"@executable_path/Frameworks",
				);
				MARKETING_VERSION = 1.0;
				PRODUCT_BUNDLE_IDENTIFIER = com.shifu.TaskManager;
				PRODUCT_NAME = "$(TARGET_NAME)";
				SWIFT_EMIT_LOC_STRINGS = YES;
				SWIFT_VERSION = 5.0;
				TARGETED_DEVICE_FAMILY = "1,2";
			};
			name = Debug;
		};
		609BABAA29D82C1D001972CF /* Release */ = {
			isa = XCBuildConfiguration;
			baseConfigurationReference = A4E8CAB01E33713F941DDEF7 /* Pods-TaskManager.release.xcconfig */;
			buildSettings = {
				ASSETCATALOG_COMPILER_APPICON_NAME = AppIcon;
				ASSETCATALOG_COMPILER_GLOBAL_ACCENT_COLOR_NAME = AccentColor;
				CODE_SIGN_STYLE = Automatic;
				CURRENT_PROJECT_VERSION = 1;
				DEVELOPMENT_TEAM = K8M5FXDJPU;
				GENERATE_INFOPLIST_FILE = YES;
				INFOPLIST_FILE = TaskManager/Info.plist;
				INFOPLIST_KEY_UIApplicationSupportsIndirectInputEvents = YES;
				INFOPLIST_KEY_UILaunchStoryboardName = LaunchScreen;
				INFOPLIST_KEY_UIMainStoryboardFile = Main;
				INFOPLIST_KEY_UISupportedInterfaceOrientations_iPad = "UIInterfaceOrientationPortrait UIInterfaceOrientationPortraitUpsideDown UIInterfaceOrientationLandscapeLeft UIInterfaceOrientationLandscapeRight";
				INFOPLIST_KEY_UISupportedInterfaceOrientations_iPhone = "UIInterfaceOrientationPortrait UIInterfaceOrientationLandscapeLeft UIInterfaceOrientationLandscapeRight";
				LD_RUNPATH_SEARCH_PATHS = (
					"$(inherited)",
					"@executable_path/Frameworks",
				);
				MARKETING_VERSION = 1.0;
				PRODUCT_BUNDLE_IDENTIFIER = com.shifu.TaskManager;
				PRODUCT_NAME = "$(TARGET_NAME)";
				SWIFT_EMIT_LOC_STRINGS = YES;
				SWIFT_VERSION = 5.0;
				TARGETED_DEVICE_FAMILY = "1,2";
			};
			name = Release;
		};
/* End XCBuildConfiguration section */

/* Begin XCConfigurationList section */
		609BAB8C29D82C1C001972CF /* Build configuration list for PBXProject "TaskManager" */ = {
			isa = XCConfigurationList;
			buildConfigurations = (
				609BABA629D82C1D001972CF /* Debug */,
				609BABA729D82C1D001972CF /* Release */,
			);
			defaultConfigurationIsVisible = 0;
			defaultConfigurationName = Release;
		};
		609BABA829D82C1D001972CF /* Build configuration list for PBXNativeTarget "TaskManager" */ = {
			isa = XCConfigurationList;
			buildConfigurations = (
				609BABA929D82C1D001972CF /* Debug */,
				609BABAA29D82C1D001972CF /* Release */,
			);
			defaultConfigurationIsVisible = 0;
			defaultConfigurationName = Release;
		};
/* End XCConfigurationList section */

/* Begin XCVersionGroup section */
		609BAB9D29D82C1C001972CF /* TaskManager.xcdatamodeld */ = {
			isa = XCVersionGroup;
			children = (
				609BAB9E29D82C1C001972CF /* TaskManager.xcdatamodel */,
			);
			currentVersion = 609BAB9E29D82C1C001972CF /* TaskManager.xcdatamodel */;
			path = TaskManager.xcdatamodeld;
			sourceTree = "<group>";
			versionGroupType = wrapper.xcdatamodel;
		};
/* End XCVersionGroup section */
	};
	rootObject = 609BAB8929D82C1C001972CF /* Project object */;
}
